
Microsoft Visual Studio Solution File, Format Version 12.00
# Visual Studio Version 17
VisualStudioVersion = 17.0.31903.59
MinimumVisualStudioVersion = 10.0.40219.1
Project("{FAE04EC0-301F-11D3-BF4B-00C04F79EFBC}") = "Harp.Generators", "src\Harp.Generators.csproj", "{967ABE9B-502A-4EC4-8179-82A9B817E295}"
EndProject
Project("{FAE04EC0-301F-11D3-BF4B-00C04F79EFBC}") = "Harp.Generators.Tests", "tests\Harp.Generators.Tests.csproj", "{B2116B91-8305-494B-9599-35C600A50766}"
EndProject
Project("{FAE04EC0-301F-11D3-BF4B-00C04F79EFBC}") = "Harp.Templates", "template\Harp.Templates.csproj", "{32755A1B-2060-4F9E-82E9-C717D4EE3152}"
EndProject
Global
	GlobalSection(SolutionConfigurationPlatforms) = preSolution
		Debug|Any CPU = Debug|Any CPU
		Release|Any CPU = Release|Any CPU
	EndGlobalSection
	GlobalSection(SolutionProperties) = preSolution
		HideSolutionNode = FALSE
	EndGlobalSection
	GlobalSection(ProjectConfigurationPlatforms) = postSolution
		{967ABE9B-502A-4EC4-8179-82A9B817E295}.Debug|Any CPU.ActiveCfg = Debug|Any CPU
		{967ABE9B-502A-4EC4-8179-82A9B817E295}.Debug|Any CPU.Build.0 = Debug|Any CPU
		{967ABE9B-502A-4EC4-8179-82A9B817E295}.Release|Any CPU.ActiveCfg = Release|Any CPU
		{967ABE9B-502A-4EC4-8179-82A9B817E295}.Release|Any CPU.Build.0 = Release|Any CPU
		{B2116B91-8305-494B-9599-35C600A50766}.Debug|Any CPU.ActiveCfg = Debug|Any CPU
		{B2116B91-8305-494B-9599-35C600A50766}.Debug|Any CPU.Build.0 = Debug|Any CPU
		{B2116B91-8305-494B-9599-35C600A50766}.Release|Any CPU.ActiveCfg = Release|Any CPU
		{B2116B91-8305-494B-9599-35C600A50766}.Release|Any CPU.Build.0 = Release|Any CPU
		{32755A1B-2060-4F9E-82E9-C717D4EE3152}.Debug|Any CPU.ActiveCfg = Debug|Any CPU
		{32755A1B-2060-4F9E-82E9-C717D4EE3152}.Debug|Any CPU.Build.0 = Debug|Any CPU
		{32755A1B-2060-4F9E-82E9-C717D4EE3152}.Release|Any CPU.ActiveCfg = Release|Any CPU
		{32755A1B-2060-4F9E-82E9-C717D4EE3152}.Release|Any CPU.Build.0 = Release|Any CPU
	EndGlobalSection
EndGlobal
